// !$*UTF8*$!
{
	archiveVersion = 1;
	classes = {
	};
	objectVersion = 51;
	objects = {

/* Begin PBXBuildFile section */
		00F0A7573F2B7A3840B0BFF0 /* Pods_Footy_Crazy.framework in Frameworks */ = {isa = PBXBuildFile; fileRef = A6CFC77DED640E777ED08EAB /* Pods_Footy_Crazy.framework */; };
		4A01E35222D5D2A400929D10 /* FCNewsLinkDetailVC.swift in Sources */ = {isa = PBXBuildFile; fileRef = 4A01E35122D5D2A400929D10 /* FCNewsLinkDetailVC.swift */; };
		4A01E35422D5D2C100929D10 /* FCVideoDetailVC.swift in Sources */ = {isa = PBXBuildFile; fileRef = 4A01E35322D5D2C100929D10 /* FCVideoDetailVC.swift */; };
		4A0227F422D736AB006F5E1D /* FCGalleryCell.swift in Sources */ = {isa = PBXBuildFile; fileRef = 4A0227F222D736AB006F5E1D /* FCGalleryCell.swift */; };
		4A0227F522D736AB006F5E1D /* FCGalleryCell.xib in Resources */ = {isa = PBXBuildFile; fileRef = 4A0227F322D736AB006F5E1D /* FCGalleryCell.xib */; };
		4A0227FA22D73E68006F5E1D /* FCGalleryDetailVC.swift in Sources */ = {isa = PBXBuildFile; fileRef = 4A0227F922D73E68006F5E1D /* FCGalleryDetailVC.swift */; };
		4A047B6B22D608B500A7E61C /* FCViewModelProtocol.swift in Sources */ = {isa = PBXBuildFile; fileRef = 4A047B6A22D608B500A7E61C /* FCViewModelProtocol.swift */; };
		4A047B6D22D60D3600A7E61C /* FCUtilities.swift in Sources */ = {isa = PBXBuildFile; fileRef = 4A047B6C22D60D3600A7E61C /* FCUtilities.swift */; };
		4A04D96C22E1F8CD00E3688C /* FCNewsFeedService.swift in Sources */ = {isa = PBXBuildFile; fileRef = 4A04D96B22E1F8CD00E3688C /* FCNewsFeedService.swift */; };
		4A04D96E22E1F8D900E3688C /* FCGalleryService.swift in Sources */ = {isa = PBXBuildFile; fileRef = 4A04D96D22E1F8D900E3688C /* FCGalleryService.swift */; };
		4A04D97022E1F8E300E3688C /* FCPlayersService.swift in Sources */ = {isa = PBXBuildFile; fileRef = 4A04D96F22E1F8E300E3688C /* FCPlayersService.swift */; };
		4A04D97222E1F8EB00E3688C /* FCTeamsService.swift in Sources */ = {isa = PBXBuildFile; fileRef = 4A04D97122E1F8EB00E3688C /* FCTeamsService.swift */; };
		4A04D97422E1F8F900E3688C /* FCCitiesLocationService.swift in Sources */ = {isa = PBXBuildFile; fileRef = 4A04D97322E1F8F900E3688C /* FCCitiesLocationService.swift */; };
		4A05142622D75827009BE500 /* FCTeamsModel.swift in Sources */ = {isa = PBXBuildFile; fileRef = 4A05142522D75827009BE500 /* FCTeamsModel.swift */; };
		4A05142822D7587B009BE500 /* FCTeamsVC.swift in Sources */ = {isa = PBXBuildFile; fileRef = 4A05142722D7587B009BE500 /* FCTeamsVC.swift */; };
		4A05142A22D7588A009BE500 /* FCTeamsDetailVC.swift in Sources */ = {isa = PBXBuildFile; fileRef = 4A05142922D7588A009BE500 /* FCTeamsDetailVC.swift */; };
		4A05143022D758F2009BE500 /* FCTeamTableViewCell.swift in Sources */ = {isa = PBXBuildFile; fileRef = 4A05142E22D758F2009BE500 /* FCTeamTableViewCell.swift */; };
		4A05143122D758F2009BE500 /* FCTeamTableViewCell.xib in Resources */ = {isa = PBXBuildFile; fileRef = 4A05142F22D758F2009BE500 /* FCTeamTableViewCell.xib */; };
		4A05143622D759A5009BE500 /* FCPlayersVC.swift in Sources */ = {isa = PBXBuildFile; fileRef = 4A05143522D759A5009BE500 /* FCPlayersVC.swift */; };
		4A05143822D759AF009BE500 /* FCPlayersDetailVC.swift in Sources */ = {isa = PBXBuildFile; fileRef = 4A05143722D759AF009BE500 /* FCPlayersDetailVC.swift */; };
		4A05143A22D759BD009BE500 /* FCPlayersModel.swift in Sources */ = {isa = PBXBuildFile; fileRef = 4A05143922D759BD009BE500 /* FCPlayersModel.swift */; };
		4A05143D22D75A80009BE500 /* FCPlayerTableViewCell.swift in Sources */ = {isa = PBXBuildFile; fileRef = 4A05143B22D75A80009BE500 /* FCPlayerTableViewCell.swift */; };
		4A05143E22D75A80009BE500 /* FCPlayerTableViewCell.xib in Resources */ = {isa = PBXBuildFile; fileRef = 4A05143C22D75A80009BE500 /* FCPlayerTableViewCell.xib */; };
		4A05144022D75AB9009BE500 /* FCAboutVC.swift in Sources */ = {isa = PBXBuildFile; fileRef = 4A05143F22D75AB9009BE500 /* FCAboutVC.swift */; };
		4A0573F222CB9506007BAE6E /* FCConstants.swift in Sources */ = {isa = PBXBuildFile; fileRef = 4A0573F122CB9506007BAE6E /* FCConstants.swift */; };
		4A24469622E836F400E185AA /* FCImageDownloader.swift in Sources */ = {isa = PBXBuildFile; fileRef = 4A24469522E836F400E185AA /* FCImageDownloader.swift */; };
		4A24469822E85C5600E185AA /* FCNewsLinkDownloader.swift in Sources */ = {isa = PBXBuildFile; fileRef = 4A24469722E85C5600E185AA /* FCNewsLinkDownloader.swift */; };
		4A2B430922C4DA2C00815318 /* GoogleService-Info.plist in Resources */ = {isa = PBXBuildFile; fileRef = 4A2B430822C4DA2C00815318 /* GoogleService-Info.plist */; };
		4A2B431822C5E4D800815318 /* FCNewsFeedVC.swift in Sources */ = {isa = PBXBuildFile; fileRef = 4A2B431722C5E4D800815318 /* FCNewsFeedVC.swift */; };
		4A2B431C22C5E8A800815318 /* FCVideoTableViewCell.swift in Sources */ = {isa = PBXBuildFile; fileRef = 4A2B431A22C5E8A800815318 /* FCVideoTableViewCell.swift */; };
		4A2B431D22C5E8A800815318 /* FCVideoTableViewCell.xib in Resources */ = {isa = PBXBuildFile; fileRef = 4A2B431B22C5E8A800815318 /* FCVideoTableViewCell.xib */; };
		4A2B432222C5ED3500815318 /* FCNetworkEngine.swift in Sources */ = {isa = PBXBuildFile; fileRef = 4A2B432122C5ED3500815318 /* FCNetworkEngine.swift */; };
		4A34871E22C4D7C4009436EB /* AppDelegate.swift in Sources */ = {isa = PBXBuildFile; fileRef = 4A34871D22C4D7C4009436EB /* AppDelegate.swift */; };
		4A34872322C4D7C4009436EB /* FCNewsFeed.storyboard in Resources */ = {isa = PBXBuildFile; fileRef = 4A34872122C4D7C4009436EB /* FCNewsFeed.storyboard */; };
		4A34872522C4D7C5009436EB /* Assets.xcassets in Resources */ = {isa = PBXBuildFile; fileRef = 4A34872422C4D7C5009436EB /* Assets.xcassets */; };
		4A34872822C4D7C5009436EB /* LaunchScreen.storyboard in Resources */ = {isa = PBXBuildFile; fileRef = 4A34872622C4D7C5009436EB /* LaunchScreen.storyboard */; };
		4A75439922DC94AC0068173F /* FCGalleryDetailVM.swift in Sources */ = {isa = PBXBuildFile; fileRef = 4A75439822DC94AC0068173F /* FCGalleryDetailVM.swift */; };
		4A75439B22DC94DE0068173F /* FCGalleryVM.swift in Sources */ = {isa = PBXBuildFile; fileRef = 4A75439A22DC94DE0068173F /* FCGalleryVM.swift */; };
		4A8820F422DDA5A500AC8938 /* FCTeamsVM.swift in Sources */ = {isa = PBXBuildFile; fileRef = 4A8820F322DDA5A500AC8938 /* FCTeamsVM.swift */; };
		4A8820F622DDA9DF00AC8938 /* FCTeamsDetailVM.swift in Sources */ = {isa = PBXBuildFile; fileRef = 4A8820F522DDA9DF00AC8938 /* FCTeamsDetailVM.swift */; };
		4A8820F922DDAFEF00AC8938 /* FCPlayersVM.swift in Sources */ = {isa = PBXBuildFile; fileRef = 4A8820F822DDAFEF00AC8938 /* FCPlayersVM.swift */; };
		4A8820FB22DDAFFB00AC8938 /* FCPlayersDetailVM.swift in Sources */ = {isa = PBXBuildFile; fileRef = 4A8820FA22DDAFFB00AC8938 /* FCPlayersDetailVM.swift */; };
		4A8820FE22DDB5B000AC8938 /* FCNewsFeedVM.swift in Sources */ = {isa = PBXBuildFile; fileRef = 4A8820FD22DDB5B000AC8938 /* FCNewsFeedVM.swift */; };
		4A88210022DDB98700AC8938 /* FCNewsFeedDetailVM.swift in Sources */ = {isa = PBXBuildFile; fileRef = 4A8820FF22DDB98700AC8938 /* FCNewsFeedDetailVM.swift */; };
		4A8CC76C22C9D6A900E9483B /* FCDataManager.swift in Sources */ = {isa = PBXBuildFile; fileRef = 4A8CC76B22C9D6A900E9483B /* FCDataManager.swift */; };
		4AB9C01022D7088F002B8E77 /* FCGalleryModel.swift in Sources */ = {isa = PBXBuildFile; fileRef = 4AB9C00F22D7088F002B8E77 /* FCGalleryModel.swift */; };
		4AB9C01222D70D4F002B8E77 /* FCGalleryVC.swift in Sources */ = {isa = PBXBuildFile; fileRef = 4AB9C01122D70D4F002B8E77 /* FCGalleryVC.swift */; };
		4ABDAE2622C9E55B00E5C1C6 /* FCSplashScreenVC.swift in Sources */ = {isa = PBXBuildFile; fileRef = 4ABDAE2522C9E55B00E5C1C6 /* FCSplashScreenVC.swift */; };
		4ABDAE2822C9E56900E5C1C6 /* FCSplash.storyboard in Resources */ = {isa = PBXBuildFile; fileRef = 4ABDAE2722C9E56900E5C1C6 /* FCSplash.storyboard */; };
		4AE3C0FA22D3118000282F29 /* FCGallery.storyboard in Resources */ = {isa = PBXBuildFile; fileRef = 4AE3C0F922D3118000282F29 /* FCGallery.storyboard */; };
		4AE3C10522D3121000282F29 /* FCTeams.storyboard in Resources */ = {isa = PBXBuildFile; fileRef = 4AE3C10422D3121000282F29 /* FCTeams.storyboard */; };
		4AE3C10722D3121900282F29 /* FCPlayers.storyboard in Resources */ = {isa = PBXBuildFile; fileRef = 4AE3C10622D3121900282F29 /* FCPlayers.storyboard */; };
		4AE3C10922D3122100282F29 /* FCAbout.storyboard in Resources */ = {isa = PBXBuildFile; fileRef = 4AE3C10822D3122100282F29 /* FCAbout.storyboard */; };
		4AE3C13122D34F3A00282F29 /* FCExtensions.swift in Sources */ = {isa = PBXBuildFile; fileRef = 4AE3C13022D34F3A00282F29 /* FCExtensions.swift */; };
		4AFDD29822CA24EE0044B728 /* FCFactTableViewCell.swift in Sources */ = {isa = PBXBuildFile; fileRef = 4AFDD29622CA24EE0044B728 /* FCFactTableViewCell.swift */; };
		4AFDD29922CA24EE0044B728 /* FCFactTableViewCell.xib in Resources */ = {isa = PBXBuildFile; fileRef = 4AFDD29722CA24EE0044B728 /* FCFactTableViewCell.xib */; };
		4AFDD29C22CA24FC0044B728 /* FCNewsLinkTableViewCell.swift in Sources */ = {isa = PBXBuildFile; fileRef = 4AFDD29A22CA24FC0044B728 /* FCNewsLinkTableViewCell.swift */; };
		4AFDD29D22CA24FC0044B728 /* FCNewsLinkTableViewCell.xib in Resources */ = {isa = PBXBuildFile; fileRef = 4AFDD29B22CA24FC0044B728 /* FCNewsLinkTableViewCell.xib */; };
		4AFE969322D4CC6E00BBD074 /* FCFactDetailVC.swift in Sources */ = {isa = PBXBuildFile; fileRef = 4AFE969222D4CC6E00BBD074 /* FCFactDetailVC.swift */; };
		4AFF789122DF5B2A002B89DE /* FCCacheManager.swift in Sources */ = {isa = PBXBuildFile; fileRef = 4AFF789022DF5B2A002B89DE /* FCCacheManager.swift */; };
		4AFF78E322E05A73002B89DE /* FCCitiesLocationVC.swift in Sources */ = {isa = PBXBuildFile; fileRef = 4AFF78E222E05A73002B89DE /* FCCitiesLocationVC.swift */; };
		4AFF78E522E05A89002B89DE /* FCCitiesLocationVM.swift in Sources */ = {isa = PBXBuildFile; fileRef = 4AFF78E422E05A89002B89DE /* FCCitiesLocationVM.swift */; };
		4AFF78E722E05AA0002B89DE /* FCCitiesLocationModel.swift in Sources */ = {isa = PBXBuildFile; fileRef = 4AFF78E622E05AA0002B89DE /* FCCitiesLocationModel.swift */; };
		4AFF78E922E05B34002B89DE /* FCCitiesLocation.storyboard in Resources */ = {isa = PBXBuildFile; fileRef = 4AFF78E822E05B34002B89DE /* FCCitiesLocation.storyboard */; };
		4AFF78EB22E05B91002B89DE /* FCCitiesLocationDetailVM.swift in Sources */ = {isa = PBXBuildFile; fileRef = 4AFF78EA22E05B91002B89DE /* FCCitiesLocationDetailVM.swift */; };
		4AFF78F222E05C0B002B89DE /* FCCitiesLocationCell.swift in Sources */ = {isa = PBXBuildFile; fileRef = 4AFF78F022E05C0B002B89DE /* FCCitiesLocationCell.swift */; };
		4AFF78F322E05C0B002B89DE /* FCCitiesLocationCell.xib in Resources */ = {isa = PBXBuildFile; fileRef = 4AFF78F122E05C0B002B89DE /* FCCitiesLocationCell.xib */; };
		4AFF91AE22C622C4004FEBB6 /* FCNewsFeedModel.swift in Sources */ = {isa = PBXBuildFile; fileRef = 4AFF91AD22C622C4004FEBB6 /* FCNewsFeedModel.swift */; };
/* End PBXBuildFile section */

/* Begin PBXFileReference section */
		160CCF499E0512BE72B2BCA3 /* Pods-Footy-Crazy.debug.xcconfig */ = {isa = PBXFileReference; includeInIndex = 1; lastKnownFileType = text.xcconfig; name = "Pods-Footy-Crazy.debug.xcconfig"; path = "Target Support Files/Pods-Footy-Crazy/Pods-Footy-Crazy.debug.xcconfig"; sourceTree = "<group>"; };
		4A01E35122D5D2A400929D10 /* FCNewsLinkDetailVC.swift */ = {isa = PBXFileReference; lastKnownFileType = sourcecode.swift; path = FCNewsLinkDetailVC.swift; sourceTree = "<group>"; };
		4A01E35322D5D2C100929D10 /* FCVideoDetailVC.swift */ = {isa = PBXFileReference; lastKnownFileType = sourcecode.swift; path = FCVideoDetailVC.swift; sourceTree = "<group>"; };
		4A0227F222D736AB006F5E1D /* FCGalleryCell.swift */ = {isa = PBXFileReference; lastKnownFileType = sourcecode.swift; path = FCGalleryCell.swift; sourceTree = "<group>"; };
		4A0227F322D736AB006F5E1D /* FCGalleryCell.xib */ = {isa = PBXFileReference; lastKnownFileType = file.xib; path = FCGalleryCell.xib; sourceTree = "<group>"; };
		4A0227F922D73E68006F5E1D /* FCGalleryDetailVC.swift */ = {isa = PBXFileReference; lastKnownFileType = sourcecode.swift; path = FCGalleryDetailVC.swift; sourceTree = "<group>"; };
		4A047B6A22D608B500A7E61C /* FCViewModelProtocol.swift */ = {isa = PBXFileReference; lastKnownFileType = sourcecode.swift; path = FCViewModelProtocol.swift; sourceTree = "<group>"; };
		4A047B6C22D60D3600A7E61C /* FCUtilities.swift */ = {isa = PBXFileReference; lastKnownFileType = sourcecode.swift; path = FCUtilities.swift; sourceTree = "<group>"; };
		4A04D96B22E1F8CD00E3688C /* FCNewsFeedService.swift */ = {isa = PBXFileReference; lastKnownFileType = sourcecode.swift; path = FCNewsFeedService.swift; sourceTree = "<group>"; };
		4A04D96D22E1F8D900E3688C /* FCGalleryService.swift */ = {isa = PBXFileReference; lastKnownFileType = sourcecode.swift; path = FCGalleryService.swift; sourceTree = "<group>"; };
		4A04D96F22E1F8E300E3688C /* FCPlayersService.swift */ = {isa = PBXFileReference; lastKnownFileType = sourcecode.swift; path = FCPlayersService.swift; sourceTree = "<group>"; };
		4A04D97122E1F8EB00E3688C /* FCTeamsService.swift */ = {isa = PBXFileReference; lastKnownFileType = sourcecode.swift; path = FCTeamsService.swift; sourceTree = "<group>"; };
		4A04D97322E1F8F900E3688C /* FCCitiesLocationService.swift */ = {isa = PBXFileReference; lastKnownFileType = sourcecode.swift; path = FCCitiesLocationService.swift; sourceTree = "<group>"; };
		4A05142522D75827009BE500 /* FCTeamsModel.swift */ = {isa = PBXFileReference; lastKnownFileType = sourcecode.swift; path = FCTeamsModel.swift; sourceTree = "<group>"; };
		4A05142722D7587B009BE500 /* FCTeamsVC.swift */ = {isa = PBXFileReference; lastKnownFileType = sourcecode.swift; path = FCTeamsVC.swift; sourceTree = "<group>"; };
		4A05142922D7588A009BE500 /* FCTeamsDetailVC.swift */ = {isa = PBXFileReference; lastKnownFileType = sourcecode.swift; path = FCTeamsDetailVC.swift; sourceTree = "<group>"; };
		4A05142E22D758F2009BE500 /* FCTeamTableViewCell.swift */ = {isa = PBXFileReference; lastKnownFileType = sourcecode.swift; path = FCTeamTableViewCell.swift; sourceTree = "<group>"; };
		4A05142F22D758F2009BE500 /* FCTeamTableViewCell.xib */ = {isa = PBXFileReference; lastKnownFileType = file.xib; path = FCTeamTableViewCell.xib; sourceTree = "<group>"; };
		4A05143522D759A5009BE500 /* FCPlayersVC.swift */ = {isa = PBXFileReference; lastKnownFileType = sourcecode.swift; path = FCPlayersVC.swift; sourceTree = "<group>"; };
		4A05143722D759AF009BE500 /* FCPlayersDetailVC.swift */ = {isa = PBXFileReference; lastKnownFileType = sourcecode.swift; path = FCPlayersDetailVC.swift; sourceTree = "<group>"; };
		4A05143922D759BD009BE500 /* FCPlayersModel.swift */ = {isa = PBXFileReference; lastKnownFileType = sourcecode.swift; path = FCPlayersModel.swift; sourceTree = "<group>"; };
		4A05143B22D75A80009BE500 /* FCPlayerTableViewCell.swift */ = {isa = PBXFileReference; lastKnownFileType = sourcecode.swift; path = FCPlayerTableViewCell.swift; sourceTree = "<group>"; };
		4A05143C22D75A80009BE500 /* FCPlayerTableViewCell.xib */ = {isa = PBXFileReference; lastKnownFileType = file.xib; path = FCPlayerTableViewCell.xib; sourceTree = "<group>"; };
		4A05143F22D75AB9009BE500 /* FCAboutVC.swift */ = {isa = PBXFileReference; lastKnownFileType = sourcecode.swift; path = FCAboutVC.swift; sourceTree = "<group>"; };
		4A0573F122CB9506007BAE6E /* FCConstants.swift */ = {isa = PBXFileReference; lastKnownFileType = sourcecode.swift; path = FCConstants.swift; sourceTree = "<group>"; };
		4A24469522E836F400E185AA /* FCImageDownloader.swift */ = {isa = PBXFileReference; lastKnownFileType = sourcecode.swift; path = FCImageDownloader.swift; sourceTree = "<group>"; };
		4A24469722E85C5600E185AA /* FCNewsLinkDownloader.swift */ = {isa = PBXFileReference; lastKnownFileType = sourcecode.swift; path = FCNewsLinkDownloader.swift; sourceTree = "<group>"; };
		4A2B430822C4DA2C00815318 /* GoogleService-Info.plist */ = {isa = PBXFileReference; fileEncoding = 4; lastKnownFileType = text.plist.xml; path = "GoogleService-Info.plist"; sourceTree = "<group>"; };
		4A2B431722C5E4D800815318 /* FCNewsFeedVC.swift */ = {isa = PBXFileReference; lastKnownFileType = sourcecode.swift; path = FCNewsFeedVC.swift; sourceTree = "<group>"; };
		4A2B431A22C5E8A800815318 /* FCVideoTableViewCell.swift */ = {isa = PBXFileReference; lastKnownFileType = sourcecode.swift; path = FCVideoTableViewCell.swift; sourceTree = "<group>"; };
		4A2B431B22C5E8A800815318 /* FCVideoTableViewCell.xib */ = {isa = PBXFileReference; lastKnownFileType = file.xib; path = FCVideoTableViewCell.xib; sourceTree = "<group>"; };
		4A2B432122C5ED3500815318 /* FCNetworkEngine.swift */ = {isa = PBXFileReference; lastKnownFileType = sourcecode.swift; path = FCNetworkEngine.swift; sourceTree = "<group>"; };
		4A34871A22C4D7C4009436EB /* Footy-Crazy.app */ = {isa = PBXFileReference; explicitFileType = wrapper.application; includeInIndex = 0; path = "Footy-Crazy.app"; sourceTree = BUILT_PRODUCTS_DIR; };
		4A34871D22C4D7C4009436EB /* AppDelegate.swift */ = {isa = PBXFileReference; lastKnownFileType = sourcecode.swift; path = AppDelegate.swift; sourceTree = "<group>"; };
		4A34872222C4D7C4009436EB /* Base */ = {isa = PBXFileReference; lastKnownFileType = file.storyboard; name = Base; path = Base.lproj/FCNewsFeed.storyboard; sourceTree = "<group>"; };
		4A34872422C4D7C5009436EB /* Assets.xcassets */ = {isa = PBXFileReference; lastKnownFileType = folder.assetcatalog; path = Assets.xcassets; sourceTree = "<group>"; };
		4A34872722C4D7C5009436EB /* Base */ = {isa = PBXFileReference; lastKnownFileType = file.storyboard; name = Base; path = Base.lproj/LaunchScreen.storyboard; sourceTree = "<group>"; };
		4A34872922C4D7C5009436EB /* Info.plist */ = {isa = PBXFileReference; lastKnownFileType = text.plist.xml; path = Info.plist; sourceTree = "<group>"; };
		4A75439822DC94AC0068173F /* FCGalleryDetailVM.swift */ = {isa = PBXFileReference; lastKnownFileType = sourcecode.swift; path = FCGalleryDetailVM.swift; sourceTree = "<group>"; };
		4A75439A22DC94DE0068173F /* FCGalleryVM.swift */ = {isa = PBXFileReference; lastKnownFileType = sourcecode.swift; path = FCGalleryVM.swift; sourceTree = "<group>"; };
		4A8820F322DDA5A500AC8938 /* FCTeamsVM.swift */ = {isa = PBXFileReference; lastKnownFileType = sourcecode.swift; path = FCTeamsVM.swift; sourceTree = "<group>"; };
		4A8820F522DDA9DF00AC8938 /* FCTeamsDetailVM.swift */ = {isa = PBXFileReference; lastKnownFileType = sourcecode.swift; path = FCTeamsDetailVM.swift; sourceTree = "<group>"; };
		4A8820F822DDAFEF00AC8938 /* FCPlayersVM.swift */ = {isa = PBXFileReference; lastKnownFileType = sourcecode.swift; path = FCPlayersVM.swift; sourceTree = "<group>"; };
		4A8820FA22DDAFFB00AC8938 /* FCPlayersDetailVM.swift */ = {isa = PBXFileReference; lastKnownFileType = sourcecode.swift; path = FCPlayersDetailVM.swift; sourceTree = "<group>"; };
		4A8820FD22DDB5B000AC8938 /* FCNewsFeedVM.swift */ = {isa = PBXFileReference; lastKnownFileType = sourcecode.swift; path = FCNewsFeedVM.swift; sourceTree = "<group>"; };
		4A8820FF22DDB98700AC8938 /* FCNewsFeedDetailVM.swift */ = {isa = PBXFileReference; lastKnownFileType = sourcecode.swift; path = FCNewsFeedDetailVM.swift; sourceTree = "<group>"; };
		4A8CC76B22C9D6A900E9483B /* FCDataManager.swift */ = {isa = PBXFileReference; lastKnownFileType = sourcecode.swift; path = FCDataManager.swift; sourceTree = "<group>"; };
		4AB9C00F22D7088F002B8E77 /* FCGalleryModel.swift */ = {isa = PBXFileReference; lastKnownFileType = sourcecode.swift; path = FCGalleryModel.swift; sourceTree = "<group>"; };
		4AB9C01122D70D4F002B8E77 /* FCGalleryVC.swift */ = {isa = PBXFileReference; lastKnownFileType = sourcecode.swift; path = FCGalleryVC.swift; sourceTree = "<group>"; };
		4ABDAE2522C9E55B00E5C1C6 /* FCSplashScreenVC.swift */ = {isa = PBXFileReference; lastKnownFileType = sourcecode.swift; path = FCSplashScreenVC.swift; sourceTree = "<group>"; };
		4ABDAE2722C9E56900E5C1C6 /* FCSplash.storyboard */ = {isa = PBXFileReference; lastKnownFileType = file.storyboard; path = FCSplash.storyboard; sourceTree = "<group>"; };
		4AE3C0F922D3118000282F29 /* FCGallery.storyboard */ = {isa = PBXFileReference; lastKnownFileType = file.storyboard; path = FCGallery.storyboard; sourceTree = "<group>"; };
		4AE3C10422D3121000282F29 /* FCTeams.storyboard */ = {isa = PBXFileReference; lastKnownFileType = file.storyboard; path = FCTeams.storyboard; sourceTree = "<group>"; };
		4AE3C10622D3121900282F29 /* FCPlayers.storyboard */ = {isa = PBXFileReference; lastKnownFileType = file.storyboard; path = FCPlayers.storyboard; sourceTree = "<group>"; };
		4AE3C10822D3122100282F29 /* FCAbout.storyboard */ = {isa = PBXFileReference; lastKnownFileType = file.storyboard; path = FCAbout.storyboard; sourceTree = "<group>"; };
		4AE3C13022D34F3A00282F29 /* FCExtensions.swift */ = {isa = PBXFileReference; lastKnownFileType = sourcecode.swift; path = FCExtensions.swift; sourceTree = "<group>"; };
		4AFDD29622CA24EE0044B728 /* FCFactTableViewCell.swift */ = {isa = PBXFileReference; lastKnownFileType = sourcecode.swift; path = FCFactTableViewCell.swift; sourceTree = "<group>"; };
		4AFDD29722CA24EE0044B728 /* FCFactTableViewCell.xib */ = {isa = PBXFileReference; lastKnownFileType = file.xib; path = FCFactTableViewCell.xib; sourceTree = "<group>"; };
		4AFDD29A22CA24FC0044B728 /* FCNewsLinkTableViewCell.swift */ = {isa = PBXFileReference; lastKnownFileType = sourcecode.swift; path = FCNewsLinkTableViewCell.swift; sourceTree = "<group>"; };
		4AFDD29B22CA24FC0044B728 /* FCNewsLinkTableViewCell.xib */ = {isa = PBXFileReference; lastKnownFileType = file.xib; path = FCNewsLinkTableViewCell.xib; sourceTree = "<group>"; };
		4AFE969222D4CC6E00BBD074 /* FCFactDetailVC.swift */ = {isa = PBXFileReference; lastKnownFileType = sourcecode.swift; path = FCFactDetailVC.swift; sourceTree = "<group>"; };
		4AFF789022DF5B2A002B89DE /* FCCacheManager.swift */ = {isa = PBXFileReference; lastKnownFileType = sourcecode.swift; path = FCCacheManager.swift; sourceTree = "<group>"; };
		4AFF78E222E05A73002B89DE /* FCCitiesLocationVC.swift */ = {isa = PBXFileReference; lastKnownFileType = sourcecode.swift; path = FCCitiesLocationVC.swift; sourceTree = "<group>"; };
		4AFF78E422E05A89002B89DE /* FCCitiesLocationVM.swift */ = {isa = PBXFileReference; lastKnownFileType = sourcecode.swift; path = FCCitiesLocationVM.swift; sourceTree = "<group>"; };
		4AFF78E622E05AA0002B89DE /* FCCitiesLocationModel.swift */ = {isa = PBXFileReference; lastKnownFileType = sourcecode.swift; path = FCCitiesLocationModel.swift; sourceTree = "<group>"; };
		4AFF78E822E05B34002B89DE /* FCCitiesLocation.storyboard */ = {isa = PBXFileReference; lastKnownFileType = file.storyboard; path = FCCitiesLocation.storyboard; sourceTree = "<group>"; };
		4AFF78EA22E05B91002B89DE /* FCCitiesLocationDetailVM.swift */ = {isa = PBXFileReference; lastKnownFileType = sourcecode.swift; path = FCCitiesLocationDetailVM.swift; sourceTree = "<group>"; };
		4AFF78F022E05C0B002B89DE /* FCCitiesLocationCell.swift */ = {isa = PBXFileReference; lastKnownFileType = sourcecode.swift; path = FCCitiesLocationCell.swift; sourceTree = "<group>"; };
		4AFF78F122E05C0B002B89DE /* FCCitiesLocationCell.xib */ = {isa = PBXFileReference; lastKnownFileType = file.xib; path = FCCitiesLocationCell.xib; sourceTree = "<group>"; };
		4AFF91AD22C622C4004FEBB6 /* FCNewsFeedModel.swift */ = {isa = PBXFileReference; lastKnownFileType = sourcecode.swift; path = FCNewsFeedModel.swift; sourceTree = "<group>"; };
		677AE1B4CFC37760F711027B /* Pods-Footy-Crazy.release.xcconfig */ = {isa = PBXFileReference; includeInIndex = 1; lastKnownFileType = text.xcconfig; name = "Pods-Footy-Crazy.release.xcconfig"; path = "Target Support Files/Pods-Footy-Crazy/Pods-Footy-Crazy.release.xcconfig"; sourceTree = "<group>"; };
		A6CFC77DED640E777ED08EAB /* Pods_Footy_Crazy.framework */ = {isa = PBXFileReference; explicitFileType = wrapper.framework; includeInIndex = 0; path = Pods_Footy_Crazy.framework; sourceTree = BUILT_PRODUCTS_DIR; };
/* End PBXFileReference section */

/* Begin PBXFrameworksBuildPhase section */
		4A34871722C4D7C4009436EB /* Frameworks */ = {
			isa = PBXFrameworksBuildPhase;
			buildActionMask = 2147483647;
			files = (
				00F0A7573F2B7A3840B0BFF0 /* Pods_Footy_Crazy.framework in Frameworks */,
			);
			runOnlyForDeploymentPostprocessing = 0;
		};
/* End PBXFrameworksBuildPhase section */

/* Begin PBXGroup section */
		4A01E35522D5D99F00929D10 /* Utilities */ = {
			isa = PBXGroup;
			children = (
				4A047B6C22D60D3600A7E61C /* FCUtilities.swift */,
			);
			path = Utilities;
			sourceTree = "<group>";
		};
		4A0227F622D736C3006F5E1D /* CollectionCell */ = {
			isa = PBXGroup;
			children = (
				4A0227F722D736CC006F5E1D /* Class */,
				4A0227F822D736D0006F5E1D /* Nib */,
			);
			path = CollectionCell;
			sourceTree = "<group>";
		};
		4A0227F722D736CC006F5E1D /* Class */ = {
			isa = PBXGroup;
			children = (
				4A0227F222D736AB006F5E1D /* FCGalleryCell.swift */,
			);
			path = Class;
			sourceTree = "<group>";
		};
		4A0227F822D736D0006F5E1D /* Nib */ = {
			isa = PBXGroup;
			children = (
				4A0227F322D736AB006F5E1D /* FCGalleryCell.xib */,
			);
			path = Nib;
			sourceTree = "<group>";
		};
		4A047B6922D6089000A7E61C /* Protocols */ = {
			isa = PBXGroup;
			children = (
				4A047B6A22D608B500A7E61C /* FCViewModelProtocol.swift */,
				4A24469522E836F400E185AA /* FCImageDownloader.swift */,
				4A24469722E85C5600E185AA /* FCNewsLinkDownloader.swift */,
			);
			path = Protocols;
			sourceTree = "<group>";
		};
		4A04D96A22E1F8B200E3688C /* Services */ = {
			isa = PBXGroup;
			children = (
				4A04D96B22E1F8CD00E3688C /* FCNewsFeedService.swift */,
				4A04D96D22E1F8D900E3688C /* FCGalleryService.swift */,
				4A04D96F22E1F8E300E3688C /* FCPlayersService.swift */,
				4A04D97122E1F8EB00E3688C /* FCTeamsService.swift */,
				4A04D97322E1F8F900E3688C /* FCCitiesLocationService.swift */,
			);
			path = Services;
			sourceTree = "<group>";
		};
		4A05142B22D75894009BE500 /* TableCell */ = {
			isa = PBXGroup;
			children = (
				4A05142C22D758B7009BE500 /* Class */,
				4A05142D22D758BD009BE500 /* Nib */,
			);
			path = TableCell;
			sourceTree = "<group>";
		};
		4A05142C22D758B7009BE500 /* Class */ = {
			isa = PBXGroup;
			children = (
				4A05142E22D758F2009BE500 /* FCTeamTableViewCell.swift */,
			);
			path = Class;
			sourceTree = "<group>";
		};
		4A05142D22D758BD009BE500 /* Nib */ = {
			isa = PBXGroup;
			children = (
				4A05142F22D758F2009BE500 /* FCTeamTableViewCell.xib */,
			);
			path = Nib;
			sourceTree = "<group>";
		};
		4A05143222D7596B009BE500 /* TableCell */ = {
			isa = PBXGroup;
			children = (
				4A05143322D75971009BE500 /* Class */,
				4A05143422D75976009BE500 /* Nib */,
			);
			path = TableCell;
			sourceTree = "<group>";
		};
		4A05143322D75971009BE500 /* Class */ = {
			isa = PBXGroup;
			children = (
				4A05143B22D75A80009BE500 /* FCPlayerTableViewCell.swift */,
			);
			path = Class;
			sourceTree = "<group>";
		};
		4A05143422D75976009BE500 /* Nib */ = {
			isa = PBXGroup;
			children = (
				4A05143C22D75A80009BE500 /* FCPlayerTableViewCell.xib */,
			);
			path = Nib;
			sourceTree = "<group>";
		};
		4A0573F022CB94F8007BAE6E /* Constants */ = {
			isa = PBXGroup;
			children = (
				4A0573F122CB9506007BAE6E /* FCConstants.swift */,
			);
			path = Constants;
			sourceTree = "<group>";
		};
		4A2B430A22C5E2F700815318 /* NewsFeed */ = {
			isa = PBXGroup;
			children = (
				4A2B431E22C5E8D700815318 /* TableCell */,
				4A2B431622C5E47100815318 /* Controller */,
				4A8820FC22DDB48F00AC8938 /* ViewModel */,
				4A2B430B22C5E31000815318 /* Model */,
				4A2B431522C5E46700815318 /* View */,
			);
			path = NewsFeed;
			sourceTree = "<group>";
		};
		4A2B430B22C5E31000815318 /* Model */ = {
			isa = PBXGroup;
			children = (
				4AFF91AD22C622C4004FEBB6 /* FCNewsFeedModel.swift */,
			);
			path = Model;
			sourceTree = "<group>";
		};
		4A2B431522C5E46700815318 /* View */ = {
			isa = PBXGroup;
			children = (
				4A34872122C4D7C4009436EB /* FCNewsFeed.storyboard */,
			);
			path = View;
			sourceTree = "<group>";
		};
		4A2B431622C5E47100815318 /* Controller */ = {
			isa = PBXGroup;
			children = (
				4A2B431722C5E4D800815318 /* FCNewsFeedVC.swift */,
				4AFE969222D4CC6E00BBD074 /* FCFactDetailVC.swift */,
				4A01E35322D5D2C100929D10 /* FCVideoDetailVC.swift */,
				4A01E35122D5D2A400929D10 /* FCNewsLinkDetailVC.swift */,
			);
			path = Controller;
			sourceTree = "<group>";
		};
		4A2B431E22C5E8D700815318 /* TableCell */ = {
			isa = PBXGroup;
			children = (
				4AFDD29F22CA268A0044B728 /* Class */,
				4AFDD29E22CA26840044B728 /* Nib */,
			);
			path = TableCell;
			sourceTree = "<group>";
		};
		4A2B432022C5ED1B00815318 /* NetworkEngine */ = {
			isa = PBXGroup;
			children = (
				4A2B432122C5ED3500815318 /* FCNetworkEngine.swift */,
			);
			path = NetworkEngine;
			sourceTree = "<group>";
		};
		4A34871122C4D7C4009436EB = {
			isa = PBXGroup;
			children = (
				4A34871C22C4D7C4009436EB /* Footy-Crazy */,
				4A34871B22C4D7C4009436EB /* Products */,
				A35F28259288C146A6A711FD /* Pods */,
				594C115A3B487D0D24A7377A /* Frameworks */,
			);
			sourceTree = "<group>";
		};
		4A34871B22C4D7C4009436EB /* Products */ = {
			isa = PBXGroup;
			children = (
				4A34871A22C4D7C4009436EB /* Footy-Crazy.app */,
			);
			name = Products;
			sourceTree = "<group>";
		};
		4A34871C22C4D7C4009436EB /* Footy-Crazy */ = {
			isa = PBXGroup;
			children = (
				4A34872422C4D7C5009436EB /* Assets.xcassets */,
				4AE3C0F022D310D500282F29 /* Launch */,
				4A01E35522D5D99F00929D10 /* Utilities */,
				4AE3C12F22D34F1E00282F29 /* Extensions */,
				4A0573F022CB94F8007BAE6E /* Constants */,
				4A2B432022C5ED1B00815318 /* NetworkEngine */,
				4A04D96A22E1F8B200E3688C /* Services */,
				4A8CC76A22C9D69400E9483B /* DataManager */,
				4AFF788F22DF5B15002B89DE /* CacheManager */,
				4A047B6922D6089000A7E61C /* Protocols */,
				4ABDAE2222C9E53C00E5C1C6 /* SplashScreen */,
				4A2B430A22C5E2F700815318 /* NewsFeed */,
				4AE3C0F222D3111100282F29 /* Gallery */,
				4AE3C0F322D3113100282F29 /* Teams */,
				4AE3C0F422D3113B00282F29 /* Players */,
				4AE3C0F522D3114300282F29 /* About */,
				4AFF78DA22E059FD002B89DE /* CitiesLocation */,
				4A34872922C4D7C5009436EB /* Info.plist */,
				4A2B430822C4DA2C00815318 /* GoogleService-Info.plist */,
			);
			path = "Footy-Crazy";
			sourceTree = "<group>";
		};
		4A75439722DC94740068173F /* ViewModel */ = {
			isa = PBXGroup;
			children = (
				4A75439A22DC94DE0068173F /* FCGalleryVM.swift */,
				4A75439822DC94AC0068173F /* FCGalleryDetailVM.swift */,
			);
			path = ViewModel;
			sourceTree = "<group>";
		};
		4A8820EE22DCB69900AC8938 /* ViewModel */ = {
			isa = PBXGroup;
			children = (
				4A8820F322DDA5A500AC8938 /* FCTeamsVM.swift */,
				4A8820F522DDA9DF00AC8938 /* FCTeamsDetailVM.swift */,
			);
			path = ViewModel;
			sourceTree = "<group>";
		};
		4A8820F722DDAFD800AC8938 /* ViewModel */ = {
			isa = PBXGroup;
			children = (
				4A8820F822DDAFEF00AC8938 /* FCPlayersVM.swift */,
				4A8820FA22DDAFFB00AC8938 /* FCPlayersDetailVM.swift */,
			);
			path = ViewModel;
			sourceTree = "<group>";
		};
		4A8820FC22DDB48F00AC8938 /* ViewModel */ = {
			isa = PBXGroup;
			children = (
				4A8820FD22DDB5B000AC8938 /* FCNewsFeedVM.swift */,
				4A8820FF22DDB98700AC8938 /* FCNewsFeedDetailVM.swift */,
			);
			path = ViewModel;
			sourceTree = "<group>";
		};
		4A8CC76A22C9D69400E9483B /* DataManager */ = {
			isa = PBXGroup;
			children = (
				4A8CC76B22C9D6A900E9483B /* FCDataManager.swift */,
			);
			path = DataManager;
			sourceTree = "<group>";
		};
		4ABDAE2222C9E53C00E5C1C6 /* SplashScreen */ = {
			isa = PBXGroup;
			children = (
				4ABDAE2422C9E54D00E5C1C6 /* View */,
				4ABDAE2322C9E54400E5C1C6 /* Controller */,
			);
			path = SplashScreen;
			sourceTree = "<group>";
		};
		4ABDAE2322C9E54400E5C1C6 /* Controller */ = {
			isa = PBXGroup;
			children = (
				4ABDAE2522C9E55B00E5C1C6 /* FCSplashScreenVC.swift */,
			);
			path = Controller;
			sourceTree = "<group>";
		};
		4ABDAE2422C9E54D00E5C1C6 /* View */ = {
			isa = PBXGroup;
			children = (
				4ABDAE2722C9E56900E5C1C6 /* FCSplash.storyboard */,
			);
			path = View;
			sourceTree = "<group>";
		};
		4AE3C0F022D310D500282F29 /* Launch */ = {
			isa = PBXGroup;
			children = (
				4A34871D22C4D7C4009436EB /* AppDelegate.swift */,
				4A34872622C4D7C5009436EB /* LaunchScreen.storyboard */,
			);
			path = Launch;
			sourceTree = "<group>";
		};
		4AE3C0F222D3111100282F29 /* Gallery */ = {
			isa = PBXGroup;
			children = (
				4A0227F622D736C3006F5E1D /* CollectionCell */,
				4AE3C0F722D3116700282F29 /* View */,
				4AE3C0F822D3116C00282F29 /* Controller */,
				4A75439722DC94740068173F /* ViewModel */,
				4AE3C0F622D3116000282F29 /* Model */,
			);
			path = Gallery;
			sourceTree = "<group>";
		};
		4AE3C0F322D3113100282F29 /* Teams */ = {
			isa = PBXGroup;
			children = (
				4A05142B22D75894009BE500 /* TableCell */,
				4AE3C0FB22D3118600282F29 /* Controller */,
				4AE3C0FC22D3119500282F29 /* View */,
				4A8820EE22DCB69900AC8938 /* ViewModel */,
				4AE3C0FD22D3119900282F29 /* Model */,
			);
			path = Teams;
			sourceTree = "<group>";
		};
		4AE3C0F422D3113B00282F29 /* Players */ = {
			isa = PBXGroup;
			children = (
				4A05143222D7596B009BE500 /* TableCell */,
				4AE3C10022D311F600282F29 /* Controller */,
				4AE3C0FF22D311F200282F29 /* View */,
				4A8820F722DDAFD800AC8938 /* ViewModel */,
				4AE3C0FE22D311EE00282F29 /* Model */,
			);
			path = Players;
			sourceTree = "<group>";
		};
		4AE3C0F522D3114300282F29 /* About */ = {
			isa = PBXGroup;
			children = (
				4AE3C10322D3120200282F29 /* Controller */,
				4AE3C10222D311FE00282F29 /* View */,
			);
			path = About;
			sourceTree = "<group>";
		};
		4AE3C0F622D3116000282F29 /* Model */ = {
			isa = PBXGroup;
			children = (
				4AB9C00F22D7088F002B8E77 /* FCGalleryModel.swift */,
			);
			path = Model;
			sourceTree = "<group>";
		};
		4AE3C0F722D3116700282F29 /* View */ = {
			isa = PBXGroup;
			children = (
				4AE3C0F922D3118000282F29 /* FCGallery.storyboard */,
			);
			path = View;
			sourceTree = "<group>";
		};
		4AE3C0F822D3116C00282F29 /* Controller */ = {
			isa = PBXGroup;
			children = (
				4AB9C01122D70D4F002B8E77 /* FCGalleryVC.swift */,
				4A0227F922D73E68006F5E1D /* FCGalleryDetailVC.swift */,
			);
			path = Controller;
			sourceTree = "<group>";
		};
		4AE3C0FB22D3118600282F29 /* Controller */ = {
			isa = PBXGroup;
			children = (
				4A05142722D7587B009BE500 /* FCTeamsVC.swift */,
				4A05142922D7588A009BE500 /* FCTeamsDetailVC.swift */,
			);
			path = Controller;
			sourceTree = "<group>";
		};
		4AE3C0FC22D3119500282F29 /* View */ = {
			isa = PBXGroup;
			children = (
				4AE3C10422D3121000282F29 /* FCTeams.storyboard */,
			);
			path = View;
			sourceTree = "<group>";
		};
		4AE3C0FD22D3119900282F29 /* Model */ = {
			isa = PBXGroup;
			children = (
				4A05142522D75827009BE500 /* FCTeamsModel.swift */,
			);
			path = Model;
			sourceTree = "<group>";
		};
		4AE3C0FE22D311EE00282F29 /* Model */ = {
			isa = PBXGroup;
			children = (
				4A05143922D759BD009BE500 /* FCPlayersModel.swift */,
			);
			path = Model;
			sourceTree = "<group>";
		};
		4AE3C0FF22D311F200282F29 /* View */ = {
			isa = PBXGroup;
			children = (
				4AE3C10622D3121900282F29 /* FCPlayers.storyboard */,
			);
			path = View;
			sourceTree = "<group>";
		};
		4AE3C10022D311F600282F29 /* Controller */ = {
			isa = PBXGroup;
			children = (
				4A05143522D759A5009BE500 /* FCPlayersVC.swift */,
				4A05143722D759AF009BE500 /* FCPlayersDetailVC.swift */,
			);
			path = Controller;
			sourceTree = "<group>";
		};
		4AE3C10222D311FE00282F29 /* View */ = {
			isa = PBXGroup;
			children = (
				4AE3C10822D3122100282F29 /* FCAbout.storyboard */,
			);
			path = View;
			sourceTree = "<group>";
		};
		4AE3C10322D3120200282F29 /* Controller */ = {
			isa = PBXGroup;
			children = (
				4A05143F22D75AB9009BE500 /* FCAboutVC.swift */,
			);
			path = Controller;
			sourceTree = "<group>";
		};
		4AE3C12F22D34F1E00282F29 /* Extensions */ = {
			isa = PBXGroup;
			children = (
				4AE3C13022D34F3A00282F29 /* FCExtensions.swift */,
			);
			path = Extensions;
			sourceTree = "<group>";
		};
		4AFDD29E22CA26840044B728 /* Nib */ = {
			isa = PBXGroup;
			children = (
				4A2B431B22C5E8A800815318 /* FCVideoTableViewCell.xib */,
				4AFDD29722CA24EE0044B728 /* FCFactTableViewCell.xib */,
				4AFDD29B22CA24FC0044B728 /* FCNewsLinkTableViewCell.xib */,
			);
			path = Nib;
			sourceTree = "<group>";
		};
		4AFDD29F22CA268A0044B728 /* Class */ = {
			isa = PBXGroup;
			children = (
				4A2B431A22C5E8A800815318 /* FCVideoTableViewCell.swift */,
				4AFDD29622CA24EE0044B728 /* FCFactTableViewCell.swift */,
				4AFDD29A22CA24FC0044B728 /* FCNewsLinkTableViewCell.swift */,
			);
			path = Class;
			sourceTree = "<group>";
		};
		4AFF788F22DF5B15002B89DE /* CacheManager */ = {
			isa = PBXGroup;
			children = (
				4AFF789022DF5B2A002B89DE /* FCCacheManager.swift */,
			);
			path = CacheManager;
			sourceTree = "<group>";
		};
		4AFF78DA22E059FD002B89DE /* CitiesLocation */ = {
			isa = PBXGroup;
			children = (
				4AFF78DF22E05A46002B89DE /* TableCell */,
				4AFF78DE22E05A42002B89DE /* Model */,
				4AFF78DD22E05A3D002B89DE /* ViewModel */,
				4AFF78DC22E05A33002B89DE /* Controller */,
				4AFF78DB22E05A0B002B89DE /* View */,
			);
			path = CitiesLocation;
			sourceTree = "<group>";
		};
		4AFF78DB22E05A0B002B89DE /* View */ = {
			isa = PBXGroup;
			children = (
				4AFF78E822E05B34002B89DE /* FCCitiesLocation.storyboard */,
			);
			path = View;
			sourceTree = "<group>";
		};
		4AFF78DC22E05A33002B89DE /* Controller */ = {
			isa = PBXGroup;
			children = (
				4AFF78E222E05A73002B89DE /* FCCitiesLocationVC.swift */,
			);
			path = Controller;
			sourceTree = "<group>";
		};
		4AFF78DD22E05A3D002B89DE /* ViewModel */ = {
			isa = PBXGroup;
			children = (
				4AFF78E422E05A89002B89DE /* FCCitiesLocationVM.swift */,
				4AFF78EA22E05B91002B89DE /* FCCitiesLocationDetailVM.swift */,
			);
			path = ViewModel;
			sourceTree = "<group>";
		};
		4AFF78DE22E05A42002B89DE /* Model */ = {
			isa = PBXGroup;
			children = (
				4AFF78E622E05AA0002B89DE /* FCCitiesLocationModel.swift */,
			);
			path = Model;
			sourceTree = "<group>";
		};
		4AFF78DF22E05A46002B89DE /* TableCell */ = {
			isa = PBXGroup;
			children = (
				4AFF78E122E05A4F002B89DE /* Cell */,
				4AFF78E022E05A4B002B89DE /* Nib */,
			);
			path = TableCell;
			sourceTree = "<group>";
		};
		4AFF78E022E05A4B002B89DE /* Nib */ = {
			isa = PBXGroup;
			children = (
				4AFF78F122E05C0B002B89DE /* FCCitiesLocationCell.xib */,
			);
			path = Nib;
			sourceTree = "<group>";
		};
		4AFF78E122E05A4F002B89DE /* Cell */ = {
			isa = PBXGroup;
			children = (
				4AFF78F022E05C0B002B89DE /* FCCitiesLocationCell.swift */,
			);
			path = Cell;
			sourceTree = "<group>";
		};
		594C115A3B487D0D24A7377A /* Frameworks */ = {
			isa = PBXGroup;
			children = (
				A6CFC77DED640E777ED08EAB /* Pods_Footy_Crazy.framework */,
			);
			name = Frameworks;
			sourceTree = "<group>";
		};
		A35F28259288C146A6A711FD /* Pods */ = {
			isa = PBXGroup;
			children = (
				160CCF499E0512BE72B2BCA3 /* Pods-Footy-Crazy.debug.xcconfig */,
				677AE1B4CFC37760F711027B /* Pods-Footy-Crazy.release.xcconfig */,
			);
			path = Pods;
			sourceTree = "<group>";
		};
/* End PBXGroup section */

/* Begin PBXNativeTarget section */
		4A34871922C4D7C4009436EB /* Footy-Crazy */ = {
			isa = PBXNativeTarget;
			buildConfigurationList = 4A34872C22C4D7C5009436EB /* Build configuration list for PBXNativeTarget "Footy-Crazy" */;
			buildPhases = (
				6BC2261140C05D84C969180A /* [CP] Check Pods Manifest.lock */,
				4A34871622C4D7C4009436EB /* Sources */,
				4A34871722C4D7C4009436EB /* Frameworks */,
				4A34871822C4D7C4009436EB /* Resources */,
				FE28D16748A62BB65403068C /* [CP] Embed Pods Frameworks */,
			);
			buildRules = (
			);
			dependencies = (
			);
			name = "Footy-Crazy";
			productName = "Footy-Crazy";
			productReference = 4A34871A22C4D7C4009436EB /* Footy-Crazy.app */;
			productType = "com.apple.product-type.application";
		};
/* End PBXNativeTarget section */

/* Begin PBXProject section */
		4A34871222C4D7C4009436EB /* Project object */ = {
			isa = PBXProject;
			attributes = {
				LastSwiftUpdateCheck = 1020;
				LastUpgradeCheck = 1020;
				ORGANIZATIONNAME = Tintash;
				TargetAttributes = {
					4A34871922C4D7C4009436EB = {
						CreatedOnToolsVersion = 10.2;
					};
				};
			};
			buildConfigurationList = 4A34871522C4D7C4009436EB /* Build configuration list for PBXProject "Footy-Crazy" */;
			compatibilityVersion = "Xcode 9.3";
			developmentRegion = en;
			hasScannedForEncodings = 0;
			knownRegions = (
				en,
				Base,
			);
			mainGroup = 4A34871122C4D7C4009436EB;
			productRefGroup = 4A34871B22C4D7C4009436EB /* Products */;
			projectDirPath = "";
			projectRoot = "";
			targets = (
				4A34871922C4D7C4009436EB /* Footy-Crazy */,
			);
		};
/* End PBXProject section */

/* Begin PBXResourcesBuildPhase section */
		4A34871822C4D7C4009436EB /* Resources */ = {
			isa = PBXResourcesBuildPhase;
			buildActionMask = 2147483647;
			files = (
				4AE3C10922D3122100282F29 /* FCAbout.storyboard in Resources */,
				4A34872822C4D7C5009436EB /* LaunchScreen.storyboard in Resources */,
				4AE3C0FA22D3118000282F29 /* FCGallery.storyboard in Resources */,
				4A2B431D22C5E8A800815318 /* FCVideoTableViewCell.xib in Resources */,
				4A0227F522D736AB006F5E1D /* FCGalleryCell.xib in Resources */,
				4AFF78E922E05B34002B89DE /* FCCitiesLocation.storyboard in Resources */,
				4AE3C10722D3121900282F29 /* FCPlayers.storyboard in Resources */,
				4A05143E22D75A80009BE500 /* FCPlayerTableViewCell.xib in Resources */,
				4A05143122D758F2009BE500 /* FCTeamTableViewCell.xib in Resources */,
				4AFDD29922CA24EE0044B728 /* FCFactTableViewCell.xib in Resources */,
				4AFDD29D22CA24FC0044B728 /* FCNewsLinkTableViewCell.xib in Resources */,
				4A2B430922C4DA2C00815318 /* GoogleService-Info.plist in Resources */,
				4AFF78F322E05C0B002B89DE /* FCCitiesLocationCell.xib in Resources */,
				4A34872522C4D7C5009436EB /* Assets.xcassets in Resources */,
				4A34872322C4D7C4009436EB /* FCNewsFeed.storyboard in Resources */,
				4AE3C10522D3121000282F29 /* FCTeams.storyboard in Resources */,
				4ABDAE2822C9E56900E5C1C6 /* FCSplash.storyboard in Resources */,
			);
			runOnlyForDeploymentPostprocessing = 0;
		};
/* End PBXResourcesBuildPhase section */

/* Begin PBXShellScriptBuildPhase section */
		6BC2261140C05D84C969180A /* [CP] Check Pods Manifest.lock */ = {
			isa = PBXShellScriptBuildPhase;
			buildActionMask = 2147483647;
			files = (
			);
			inputFileListPaths = (
			);
			inputPaths = (
				"${PODS_PODFILE_DIR_PATH}/Podfile.lock",
				"${PODS_ROOT}/Manifest.lock",
			);
			name = "[CP] Check Pods Manifest.lock";
			outputFileListPaths = (
			);
			outputPaths = (
				"$(DERIVED_FILE_DIR)/Pods-Footy-Crazy-checkManifestLockResult.txt",
			);
			runOnlyForDeploymentPostprocessing = 0;
			shellPath = /bin/sh;
			shellScript = "diff \"${PODS_PODFILE_DIR_PATH}/Podfile.lock\" \"${PODS_ROOT}/Manifest.lock\" > /dev/null\nif [ $? != 0 ] ; then\n    # print error to STDERR\n    echo \"error: The sandbox is not in sync with the Podfile.lock. Run 'pod install' or update your CocoaPods installation.\" >&2\n    exit 1\nfi\n# This output is used by Xcode 'outputs' to avoid re-running this script phase.\necho \"SUCCESS\" > \"${SCRIPT_OUTPUT_FILE_0}\"\n";
			showEnvVarsInLog = 0;
		};
		FE28D16748A62BB65403068C /* [CP] Embed Pods Frameworks */ = {
			isa = PBXShellScriptBuildPhase;
			buildActionMask = 2147483647;
			files = (
			);
			inputFileListPaths = (
				"${PODS_ROOT}/Target Support Files/Pods-Footy-Crazy/Pods-Footy-Crazy-frameworks-${CONFIGURATION}-input-files.xcfilelist",
			);
			name = "[CP] Embed Pods Frameworks";
			outputFileListPaths = (
				"${PODS_ROOT}/Target Support Files/Pods-Footy-Crazy/Pods-Footy-Crazy-frameworks-${CONFIGURATION}-output-files.xcfilelist",
			);
			runOnlyForDeploymentPostprocessing = 0;
			shellPath = /bin/sh;
			shellScript = "\"${PODS_ROOT}/Target Support Files/Pods-Footy-Crazy/Pods-Footy-Crazy-frameworks.sh\"\n";
			showEnvVarsInLog = 0;
		};
/* End PBXShellScriptBuildPhase section */

/* Begin PBXSourcesBuildPhase section */
		4A34871622C4D7C4009436EB /* Sources */ = {
			isa = PBXSourcesBuildPhase;
			buildActionMask = 2147483647;
			files = (
				4AFF78F222E05C0B002B89DE /* FCCitiesLocationCell.swift in Sources */,
				4A04D97422E1F8F900E3688C /* FCCitiesLocationService.swift in Sources */,
				4A2B431C22C5E8A800815318 /* FCVideoTableViewCell.swift in Sources */,
				4A05142A22D7588A009BE500 /* FCTeamsDetailVC.swift in Sources */,
				4A05143022D758F2009BE500 /* FCTeamTableViewCell.swift in Sources */,
				4A05142622D75827009BE500 /* FCTeamsModel.swift in Sources */,
				4A2B432222C5ED3500815318 /* FCNetworkEngine.swift in Sources */,
				4A2B431822C5E4D800815318 /* FCNewsFeedVC.swift in Sources */,
				4A05143622D759A5009BE500 /* FCPlayersVC.swift in Sources */,
				4A05144022D75AB9009BE500 /* FCAboutVC.swift in Sources */,
				4A04D96E22E1F8D900E3688C /* FCGalleryService.swift in Sources */,
				4AFF78E722E05AA0002B89DE /* FCCitiesLocationModel.swift in Sources */,
				4A75439922DC94AC0068173F /* FCGalleryDetailVM.swift in Sources */,
				4AFF78EB22E05B91002B89DE /* FCCitiesLocationDetailVM.swift in Sources */,
				4A8820FE22DDB5B000AC8938 /* FCNewsFeedVM.swift in Sources */,
				4AFF789122DF5B2A002B89DE /* FCCacheManager.swift in Sources */,
				4A01E35222D5D2A400929D10 /* FCNewsLinkDetailVC.swift in Sources */,
				4ABDAE2622C9E55B00E5C1C6 /* FCSplashScreenVC.swift in Sources */,
				4A88210022DDB98700AC8938 /* FCNewsFeedDetailVM.swift in Sources */,
				4A047B6D22D60D3600A7E61C /* FCUtilities.swift in Sources */,
				4AFF78E322E05A73002B89DE /* FCCitiesLocationVC.swift in Sources */,
				4A8820F922DDAFEF00AC8938 /* FCPlayersVM.swift in Sources */,
				4AFF78E522E05A89002B89DE /* FCCitiesLocationVM.swift in Sources */,
				4A04D97222E1F8EB00E3688C /* FCTeamsService.swift in Sources */,
				4A8CC76C22C9D6A900E9483B /* FCDataManager.swift in Sources */,
				4AB9C01222D70D4F002B8E77 /* FCGalleryVC.swift in Sources */,
				4AFF91AE22C622C4004FEBB6 /* FCNewsFeedModel.swift in Sources */,
				4AFDD29C22CA24FC0044B728 /* FCNewsLinkTableViewCell.swift in Sources */,
				4A01E35422D5D2C100929D10 /* FCVideoDetailVC.swift in Sources */,
				4A0227F422D736AB006F5E1D /* FCGalleryCell.swift in Sources */,
				4A75439B22DC94DE0068173F /* FCGalleryVM.swift in Sources */,
				4A05142822D7587B009BE500 /* FCTeamsVC.swift in Sources */,
				4A8820F622DDA9DF00AC8938 /* FCTeamsDetailVM.swift in Sources */,
				4AFDD29822CA24EE0044B728 /* FCFactTableViewCell.swift in Sources */,
				4A04D96C22E1F8CD00E3688C /* FCNewsFeedService.swift in Sources */,
				4AFE969322D4CC6E00BBD074 /* FCFactDetailVC.swift in Sources */,
				4A05143D22D75A80009BE500 /* FCPlayerTableViewCell.swift in Sources */,
				4A24469622E836F400E185AA /* FCImageDownloader.swift in Sources */,
				4A0227FA22D73E68006F5E1D /* FCGalleryDetailVC.swift in Sources */,
				4A8820F422DDA5A500AC8938 /* FCTeamsVM.swift in Sources */,
				4A05143822D759AF009BE500 /* FCPlayersDetailVC.swift in Sources */,
				4AE3C13122D34F3A00282F29 /* FCExtensions.swift in Sources */,
				4A05143A22D759BD009BE500 /* FCPlayersModel.swift in Sources */,
				4A8820FB22DDAFFB00AC8938 /* FCPlayersDetailVM.swift in Sources */,
				4A04D97022E1F8E300E3688C /* FCPlayersService.swift in Sources */,
				4A047B6B22D608B500A7E61C /* FCViewModelProtocol.swift in Sources */,
				4A24469822E85C5600E185AA /* FCNewsLinkDownloader.swift in Sources */,
				4AB9C01022D7088F002B8E77 /* FCGalleryModel.swift in Sources */,
				4A34871E22C4D7C4009436EB /* AppDelegate.swift in Sources */,
				4A0573F222CB9506007BAE6E /* FCConstants.swift in Sources */,
			);
			runOnlyForDeploymentPostprocessing = 0;
		};
/* End PBXSourcesBuildPhase section */

/* Begin PBXVariantGroup section */
		4A34872122C4D7C4009436EB /* FCNewsFeed.storyboard */ = {
			isa = PBXVariantGroup;
			children = (
				4A34872222C4D7C4009436EB /* Base */,
			);
			name = FCNewsFeed.storyboard;
			sourceTree = "<group>";
		};
		4A34872622C4D7C5009436EB /* LaunchScreen.storyboard */ = {
			isa = PBXVariantGroup;
			children = (
				4A34872722C4D7C5009436EB /* Base */,
			);
			name = LaunchScreen.storyboard;
			sourceTree = "<group>";
		};
/* End PBXVariantGroup section */

/* Begin XCBuildConfiguration section */
		4A34872A22C4D7C5009436EB /* Debug */ = {
			isa = XCBuildConfiguration;
			buildSettings = {
				ALWAYS_SEARCH_USER_PATHS = NO;
				CLANG_ANALYZER_NONNULL = YES;
				CLANG_ANALYZER_NUMBER_OBJECT_CONVERSION = YES_AGGRESSIVE;
				CLANG_CXX_LANGUAGE_STANDARD = "gnu++14";
				CLANG_CXX_LIBRARY = "libc++";
				CLANG_ENABLE_MODULES = YES;
				CLANG_ENABLE_OBJC_ARC = YES;
				CLANG_ENABLE_OBJC_WEAK = YES;
				CLANG_WARN_BLOCK_CAPTURE_AUTORELEASING = YES;
				CLANG_WARN_BOOL_CONVERSION = YES;
				CLANG_WARN_COMMA = YES;
				CLANG_WARN_CONSTANT_CONVERSION = YES;
				CLANG_WARN_DEPRECATED_OBJC_IMPLEMENTATIONS = YES;
				CLANG_WARN_DIRECT_OBJC_ISA_USAGE = YES_ERROR;
				CLANG_WARN_DOCUMENTATION_COMMENTS = YES;
				CLANG_WARN_EMPTY_BODY = YES;
				CLANG_WARN_ENUM_CONVERSION = YES;
				CLANG_WARN_INFINITE_RECURSION = YES;
				CLANG_WARN_INT_CONVERSION = YES;
				CLANG_WARN_NON_LITERAL_NULL_CONVERSION = YES;
				CLANG_WARN_OBJC_IMPLICIT_RETAIN_SELF = YES;
				CLANG_WARN_OBJC_LITERAL_CONVERSION = YES;
				CLANG_WARN_OBJC_ROOT_CLASS = YES_ERROR;
				CLANG_WARN_RANGE_LOOP_ANALYSIS = YES;
				CLANG_WARN_STRICT_PROTOTYPES = YES;
				CLANG_WARN_SUSPICIOUS_MOVE = YES;
				CLANG_WARN_UNGUARDED_AVAILABILITY = YES_AGGRESSIVE;
				CLANG_WARN_UNREACHABLE_CODE = YES;
				CLANG_WARN__DUPLICATE_METHOD_MATCH = YES;
				CODE_SIGN_IDENTITY = "iPhone Developer";
				COPY_PHASE_STRIP = NO;
				DEBUG_INFORMATION_FORMAT = dwarf;
				ENABLE_STRICT_OBJC_MSGSEND = YES;
				ENABLE_TESTABILITY = YES;
				GCC_C_LANGUAGE_STANDARD = gnu11;
				GCC_DYNAMIC_NO_PIC = NO;
				GCC_NO_COMMON_BLOCKS = YES;
				GCC_OPTIMIZATION_LEVEL = 0;
				GCC_PREPROCESSOR_DEFINITIONS = (
					"DEBUG=1",
					"$(inherited)",
				);
				GCC_WARN_64_TO_32_BIT_CONVERSION = YES;
				GCC_WARN_ABOUT_RETURN_TYPE = YES_ERROR;
				GCC_WARN_UNDECLARED_SELECTOR = YES;
				GCC_WARN_UNINITIALIZED_AUTOS = YES_AGGRESSIVE;
				GCC_WARN_UNUSED_FUNCTION = YES;
				GCC_WARN_UNUSED_VARIABLE = YES;
				IPHONEOS_DEPLOYMENT_TARGET = 12.2;
				MTL_ENABLE_DEBUG_INFO = INCLUDE_SOURCE;
				MTL_FAST_MATH = YES;
				ONLY_ACTIVE_ARCH = YES;
				SDKROOT = iphoneos;
				SWIFT_ACTIVE_COMPILATION_CONDITIONS = DEBUG;
				SWIFT_OPTIMIZATION_LEVEL = "-Onone";
			};
			name = Debug;
		};
		4A34872B22C4D7C5009436EB /* Release */ = {
			isa = XCBuildConfiguration;
			buildSettings = {
				ALWAYS_SEARCH_USER_PATHS = NO;
				CLANG_ANALYZER_NONNULL = YES;
				CLANG_ANALYZER_NUMBER_OBJECT_CONVERSION = YES_AGGRESSIVE;
				CLANG_CXX_LANGUAGE_STANDARD = "gnu++14";
				CLANG_CXX_LIBRARY = "libc++";
				CLANG_ENABLE_MODULES = YES;
				CLANG_ENABLE_OBJC_ARC = YES;
				CLANG_ENABLE_OBJC_WEAK = YES;
				CLANG_WARN_BLOCK_CAPTURE_AUTORELEASING = YES;
				CLANG_WARN_BOOL_CONVERSION = YES;
				CLANG_WARN_COMMA = YES;
				CLANG_WARN_CONSTANT_CONVERSION = YES;
				CLANG_WARN_DEPRECATED_OBJC_IMPLEMENTATIONS = YES;
				CLANG_WARN_DIRECT_OBJC_ISA_USAGE = YES_ERROR;
				CLANG_WARN_DOCUMENTATION_COMMENTS = YES;
				CLANG_WARN_EMPTY_BODY = YES;
				CLANG_WARN_ENUM_CONVERSION = YES;
				CLANG_WARN_INFINITE_RECURSION = YES;
				CLANG_WARN_INT_CONVERSION = YES;
				CLANG_WARN_NON_LITERAL_NULL_CONVERSION = YES;
				CLANG_WARN_OBJC_IMPLICIT_RETAIN_SELF = YES;
				CLANG_WARN_OBJC_LITERAL_CONVERSION = YES;
				CLANG_WARN_OBJC_ROOT_CLASS = YES_ERROR;
				CLANG_WARN_RANGE_LOOP_ANALYSIS = YES;
				CLANG_WARN_STRICT_PROTOTYPES = YES;
				CLANG_WARN_SUSPICIOUS_MOVE = YES;
				CLANG_WARN_UNGUARDED_AVAILABILITY = YES_AGGRESSIVE;
				CLANG_WARN_UNREACHABLE_CODE = YES;
				CLANG_WARN__DUPLICATE_METHOD_MATCH = YES;
				CODE_SIGN_IDENTITY = "iPhone Developer";
				COPY_PHASE_STRIP = NO;
				DEBUG_INFORMATION_FORMAT = "dwarf-with-dsym";
				ENABLE_NS_ASSERTIONS = NO;
				ENABLE_STRICT_OBJC_MSGSEND = YES;
				GCC_C_LANGUAGE_STANDARD = gnu11;
				GCC_NO_COMMON_BLOCKS = YES;
				GCC_WARN_64_TO_32_BIT_CONVERSION = YES;
				GCC_WARN_ABOUT_RETURN_TYPE = YES_ERROR;
				GCC_WARN_UNDECLARED_SELECTOR = YES;
				GCC_WARN_UNINITIALIZED_AUTOS = YES_AGGRESSIVE;
				GCC_WARN_UNUSED_FUNCTION = YES;
				GCC_WARN_UNUSED_VARIABLE = YES;
				IPHONEOS_DEPLOYMENT_TARGET = 12.2;
				MTL_ENABLE_DEBUG_INFO = NO;
				MTL_FAST_MATH = YES;
				SDKROOT = iphoneos;
				SWIFT_COMPILATION_MODE = wholemodule;
				SWIFT_OPTIMIZATION_LEVEL = "-O";
				VALIDATE_PRODUCT = YES;
			};
			name = Release;
		};
		4A34872D22C4D7C5009436EB /* Debug */ = {
			isa = XCBuildConfiguration;
			baseConfigurationReference = 160CCF499E0512BE72B2BCA3 /* Pods-Footy-Crazy.debug.xcconfig */;
			buildSettings = {
				ASSETCATALOG_COMPILER_APPICON_NAME = AppIcon;
				CODE_SIGN_STYLE = Automatic;
				DEVELOPMENT_TEAM = 3R4SFQQY84;
				INFOPLIST_FILE = "Footy-Crazy/Info.plist";
				IPHONEOS_DEPLOYMENT_TARGET = 12.1;
				LD_RUNPATH_SEARCH_PATHS = (
					"$(inherited)",
					"@executable_path/Frameworks",
				);
				PRODUCT_BUNDLE_IDENTIFIER = "com.tintash.Footy-Crazy";
				PRODUCT_NAME = "$(TARGET_NAME)";
				SWIFT_VERSION = 5.0;
				TARGETED_DEVICE_FAMILY = 1;
			};
			name = Debug;
		};
		4A34872E22C4D7C5009436EB /* Release */ = {
			isa = XCBuildConfiguration;
			baseConfigurationReference = 677AE1B4CFC37760F711027B /* Pods-Footy-Crazy.release.xcconfig */;
			buildSettings = {
				ASSETCATALOG_COMPILER_APPICON_NAME = AppIcon;
				CODE_SIGN_STYLE = Automatic;
				DEVELOPMENT_TEAM = 3R4SFQQY84;
				INFOPLIST_FILE = "Footy-Crazy/Info.plist";
				IPHONEOS_DEPLOYMENT_TARGET = 12.1;
				LD_RUNPATH_SEARCH_PATHS = (
					"$(inherited)",
					"@executable_path/Frameworks",
				);
				PRODUCT_BUNDLE_IDENTIFIER = "com.tintash.Footy-Crazy";
				PRODUCT_NAME = "$(TARGET_NAME)";
				SWIFT_VERSION = 5.0;
				TARGETED_DEVICE_FAMILY = 1;
			};
			name = Release;
		};
/* End XCBuildConfiguration section */

/* Begin XCConfigurationList section */
		4A34871522C4D7C4009436EB /* Build configuration list for PBXProject "Footy-Crazy" */ = {
			isa = XCConfigurationList;
			buildConfigurations = (
				4A34872A22C4D7C5009436EB /* Debug */,
				4A34872B22C4D7C5009436EB /* Release */,
			);
			defaultConfigurationIsVisible = 0;
			defaultConfigurationName = Release;
		};
		4A34872C22C4D7C5009436EB /* Build configuration list for PBXNativeTarget "Footy-Crazy" */ = {
			isa = XCConfigurationList;
			buildConfigurations = (
				4A34872D22C4D7C5009436EB /* Debug */,
				4A34872E22C4D7C5009436EB /* Release */,
			);
			defaultConfigurationIsVisible = 0;
			defaultConfigurationName = Release;
		};
/* End XCConfigurationList section */
	};
	rootObject = 4A34871222C4D7C4009436EB /* Project object */;
}
